<Solution>
  <Project Path="GS.Unity.UI.csproj" />
  <Project Path="GS.Unity.DI.csproj" />
  <Project Path="GS.Unity.Map.csproj" />
  <Project Path="GS.Unity.Common.csproj" />
  <Project Path="GS.Editor.Utils.csproj" />
  <Project Path="GS.Editor.Characters.csproj" />
  <Project Path="GS.Unity.EcsViewer.csproj" />
  <Project Path="GS.Unity.Save.csproj" />
  <Project Path="GS.Editor.Map.csproj" />
</Solution>
