
Microsoft Visual Studio Solution File, Format Version 12.00
# Visual Studio Version 17
VisualStudioVersion = 17.0.31903.59
MinimumVisualStudioVersion = 10.0.40219.1
Project("{FAE04EC0-301F-11D3-BF4B-00C04F79EFBC}") = "Core.Map", "Core.Map\Core.Map.csproj", "{00906F3C-94F8-4207-98CA-D92A38970E36}"
EndProject
Project("{FAE04EC0-301F-11D3-BF4B-00C04F79EFBC}") = "ECS.Core", "ECS.Core\ECS.Core.csproj", "{7E1A4F2B-3C8D-4A91-B5E6-0F9234567801}"
EndProject
Project("{FAE04EC0-301F-11D3-BF4B-00C04F79EFBC}") = "ECS.Core.Extensions", "ECS.Core.Extensions\ECS.Core.Extensions.csproj", "{7E1A4F2B-3C8D-4A91-B5E6-0F9234567803}"
EndProject
Project("{FAE04EC0-301F-11D3-BF4B-00C04F79EFBC}") = "ECS.Core.SourceGenerators", "ECS.Core.SourceGenerators\ECS.Core.SourceGenerators.csproj", "{7E1A4F2B-3C8D-4A91-B5E6-0F9234567804}"
EndProject
Project("{FAE04EC0-301F-11D3-BF4B-00C04F79EFBC}") = "ECS.Tests", "ECS.Tests\ECS.Tests.csproj", "{7E1A4F2B-3C8D-4A91-B5E6-0F9234567805}"
EndProject
Project("{FAE04EC0-301F-11D3-BF4B-00C04F79EFBC}") = "Core.Configs", "Core.Configs\Core.Configs.csproj", "{A1B2C3D4-E5F6-7890-ABCD-EF1234567801}"
EndProject
Project("{FAE04EC0-301F-11D3-BF4B-00C04F79EFBC}") = "Core.Configs.IO", "Core.Configs.IO\Core.Configs.IO.csproj", "{A1B2C3D4-E5F6-7890-ABCD-EF1234567802}"
EndProject
Project("{FAE04EC0-301F-11D3-BF4B-00C04F79EFBC}") = "Game.Configs", "Game.Configs\Game.Configs.csproj", "{A1B2C3D4-E5F6-7890-ABCD-EF1234567803}"
EndProject
Project("{FAE04EC0-301F-11D3-BF4B-00C04F79EFBC}") = "Game.Configs.Loader", "Game.Configs.Loader\Game.Configs.Loader.csproj", "{A1B2C3D4-E5F6-7890-ABCD-EF1234567804}"
EndProject
Project("{FAE04EC0-301F-11D3-BF4B-00C04F79EFBC}") = "Game.Commands", "Game.Commands\Game.Commands.csproj", "{A1B2C3D4-E5F6-7890-ABCD-EF1234567805}"
EndProject
Project("{FAE04EC0-301F-11D3-BF4B-00C04F79EFBC}") = "Game.SourceGenerators", "Game.SourceGenerators\Game.SourceGenerators.csproj", "{A1B2C3D4-E5F6-7890-ABCD-EF1234567806}"
EndProject
Project("{FAE04EC0-301F-11D3-BF4B-00C04F79EFBC}") = "Game.Components", "Game.Components\Game.Components.csproj", "{A1B2C3D4-E5F6-7890-ABCD-EF1234567807}"
EndProject
Project("{FAE04EC0-301F-11D3-BF4B-00C04F79EFBC}") = "Game.Systems", "Game.Systems\Game.Systems.csproj", "{A1B2C3D4-E5F6-7890-ABCD-EF1234567808}"
EndProject
Project("{FAE04EC0-301F-11D3-BF4B-00C04F79EFBC}") = "Game.Main", "Game.Main\Game.Main.csproj", "{A1B2C3D4-E5F6-7890-ABCD-EF1234567809}"
EndProject
Project("{FAE04EC0-301F-11D3-BF4B-00C04F79EFBC}") = "Game.ConsoleRunner", "Game.ConsoleRunner\Game.ConsoleRunner.csproj", "{A1B2C3D4-E5F6-7890-ABCD-EF1234567810}"
EndProject
Project("{FAE04EC0-301F-11D3-BF4B-00C04F79EFBC}") = "Game.Tests", "Game.Tests\Game.Tests.csproj", "{A1B2C3D4-E5F6-7890-ABCD-EF1234567811}"
EndProject
Global
	GlobalSection(SolutionConfigurationPlatforms) = preSolution
		Debug|Any CPU = Debug|Any CPU
		Release|Any CPU = Release|Any CPU
	EndGlobalSection
	GlobalSection(SolutionProperties) = preSolution
		HideSolutionNode = FALSE
	EndGlobalSection
	GlobalSection(ProjectConfigurationPlatforms) = postSolution
		{00906F3C-94F8-4207-98CA-D92A38970E36}.Debug|Any CPU.ActiveCfg = Debug|Any CPU
		{00906F3C-94F8-4207-98CA-D92A38970E36}.Debug|Any CPU.Build.0 = Debug|Any CPU
		{00906F3C-94F8-4207-98CA-D92A38970E36}.Release|Any CPU.ActiveCfg = Release|Any CPU
		{00906F3C-94F8-4207-98CA-D92A38970E36}.Release|Any CPU.Build.0 = Release|Any CPU
		{7E1A4F2B-3C8D-4A91-B5E6-0F9234567801}.Debug|Any CPU.ActiveCfg = Debug|Any CPU
		{7E1A4F2B-3C8D-4A91-B5E6-0F9234567801}.Debug|Any CPU.Build.0 = Debug|Any CPU
		{7E1A4F2B-3C8D-4A91-B5E6-0F9234567801}.Release|Any CPU.ActiveCfg = Release|Any CPU
		{7E1A4F2B-3C8D-4A91-B5E6-0F9234567801}.Release|Any CPU.Build.0 = Release|Any CPU
		{7E1A4F2B-3C8D-4A91-B5E6-0F9234567803}.Debug|Any CPU.ActiveCfg = Debug|Any CPU
		{7E1A4F2B-3C8D-4A91-B5E6-0F9234567803}.Debug|Any CPU.Build.0 = Debug|Any CPU
		{7E1A4F2B-3C8D-4A91-B5E6-0F9234567803}.Release|Any CPU.ActiveCfg = Release|Any CPU
		{7E1A4F2B-3C8D-4A91-B5E6-0F9234567803}.Release|Any CPU.Build.0 = Release|Any CPU
		{7E1A4F2B-3C8D-4A91-B5E6-0F9234567804}.Debug|Any CPU.ActiveCfg = Debug|Any CPU
		{7E1A4F2B-3C8D-4A91-B5E6-0F9234567804}.Debug|Any CPU.Build.0 = Debug|Any CPU
		{7E1A4F2B-3C8D-4A91-B5E6-0F9234567804}.Release|Any CPU.ActiveCfg = Release|Any CPU
		{7E1A4F2B-3C8D-4A91-B5E6-0F9234567804}.Release|Any CPU.Build.0 = Release|Any CPU
		{7E1A4F2B-3C8D-4A91-B5E6-0F9234567805}.Debug|Any CPU.ActiveCfg = Debug|Any CPU
		{7E1A4F2B-3C8D-4A91-B5E6-0F9234567805}.Debug|Any CPU.Build.0 = Debug|Any CPU
		{7E1A4F2B-3C8D-4A91-B5E6-0F9234567805}.Release|Any CPU.ActiveCfg = Release|Any CPU
		{7E1A4F2B-3C8D-4A91-B5E6-0F9234567805}.Release|Any CPU.Build.0 = Release|Any CPU
		{A1B2C3D4-E5F6-7890-ABCD-EF1234567801}.Debug|Any CPU.ActiveCfg = Debug|Any CPU
		{A1B2C3D4-E5F6-7890-ABCD-EF1234567801}.Debug|Any CPU.Build.0 = Debug|Any CPU
		{A1B2C3D4-E5F6-7890-ABCD-EF1234567801}.Release|Any CPU.ActiveCfg = Release|Any CPU
		{A1B2C3D4-E5F6-7890-ABCD-EF1234567801}.Release|Any CPU.Build.0 = Release|Any CPU
		{A1B2C3D4-E5F6-7890-ABCD-EF1234567802}.Debug|Any CPU.ActiveCfg = Debug|Any CPU
		{A1B2C3D4-E5F6-7890-ABCD-EF1234567802}.Debug|Any CPU.Build.0 = Debug|Any CPU
		{A1B2C3D4-E5F6-7890-ABCD-EF1234567802}.Release|Any CPU.ActiveCfg = Release|Any CPU
		{A1B2C3D4-E5F6-7890-ABCD-EF1234567802}.Release|Any CPU.Build.0 = Release|Any CPU
		{A1B2C3D4-E5F6-7890-ABCD-EF1234567803}.Debug|Any CPU.ActiveCfg = Debug|Any CPU
		{A1B2C3D4-E5F6-7890-ABCD-EF1234567803}.Debug|Any CPU.Build.0 = Debug|Any CPU
		{A1B2C3D4-E5F6-7890-ABCD-EF1234567803}.Release|Any CPU.ActiveCfg = Release|Any CPU
		{A1B2C3D4-E5F6-7890-ABCD-EF1234567803}.Release|Any CPU.Build.0 = Release|Any CPU
		{A1B2C3D4-E5F6-7890-ABCD-EF1234567804}.Debug|Any CPU.ActiveCfg = Debug|Any CPU
		{A1B2C3D4-E5F6-7890-ABCD-EF1234567804}.Debug|Any CPU.Build.0 = Debug|Any CPU
		{A1B2C3D4-E5F6-7890-ABCD-EF1234567804}.Release|Any CPU.ActiveCfg = Release|Any CPU
		{A1B2C3D4-E5F6-7890-ABCD-EF1234567804}.Release|Any CPU.Build.0 = Release|Any CPU
		{A1B2C3D4-E5F6-7890-ABCD-EF1234567805}.Debug|Any CPU.ActiveCfg = Debug|Any CPU
		{A1B2C3D4-E5F6-7890-ABCD-EF1234567805}.Debug|Any CPU.Build.0 = Debug|Any CPU
		{A1B2C3D4-E5F6-7890-ABCD-EF1234567805}.Release|Any CPU.ActiveCfg = Release|Any CPU
		{A1B2C3D4-E5F6-7890-ABCD-EF1234567805}.Release|Any CPU.Build.0 = Release|Any CPU
		{A1B2C3D4-E5F6-7890-ABCD-EF1234567806}.Debug|Any CPU.ActiveCfg = Debug|Any CPU
		{A1B2C3D4-E5F6-7890-ABCD-EF1234567806}.Debug|Any CPU.Build.0 = Debug|Any CPU
		{A1B2C3D4-E5F6-7890-ABCD-EF1234567806}.Release|Any CPU.ActiveCfg = Release|Any CPU
		{A1B2C3D4-E5F6-7890-ABCD-EF1234567806}.Release|Any CPU.Build.0 = Release|Any CPU
		{A1B2C3D4-E5F6-7890-ABCD-EF1234567807}.Debug|Any CPU.ActiveCfg = Debug|Any CPU
		{A1B2C3D4-E5F6-7890-ABCD-EF1234567807}.Debug|Any CPU.Build.0 = Debug|Any CPU
		{A1B2C3D4-E5F6-7890-ABCD-EF1234567807}.Release|Any CPU.ActiveCfg = Release|Any CPU
		{A1B2C3D4-E5F6-7890-ABCD-EF1234567807}.Release|Any CPU.Build.0 = Release|Any CPU
		{A1B2C3D4-E5F6-7890-ABCD-EF1234567808}.Debug|Any CPU.ActiveCfg = Debug|Any CPU
		{A1B2C3D4-E5F6-7890-ABCD-EF1234567808}.Debug|Any CPU.Build.0 = Debug|Any CPU
		{A1B2C3D4-E5F6-7890-ABCD-EF1234567808}.Release|Any CPU.ActiveCfg = Release|Any CPU
		{A1B2C3D4-E5F6-7890-ABCD-EF1234567808}.Release|Any CPU.Build.0 = Release|Any CPU
		{A1B2C3D4-E5F6-7890-ABCD-EF1234567809}.Debug|Any CPU.ActiveCfg = Debug|Any CPU
		{A1B2C3D4-E5F6-7890-ABCD-EF1234567809}.Debug|Any CPU.Build.0 = Debug|Any CPU
		{A1B2C3D4-E5F6-7890-ABCD-EF1234567809}.Release|Any CPU.ActiveCfg = Release|Any CPU
		{A1B2C3D4-E5F6-7890-ABCD-EF1234567809}.Release|Any CPU.Build.0 = Release|Any CPU
		{A1B2C3D4-E5F6-7890-ABCD-EF1234567810}.Debug|Any CPU.ActiveCfg = Debug|Any CPU
		{A1B2C3D4-E5F6-7890-ABCD-EF1234567810}.Debug|Any CPU.Build.0 = Debug|Any CPU
		{A1B2C3D4-E5F6-7890-ABCD-EF1234567810}.Release|Any CPU.ActiveCfg = Release|Any CPU
		{A1B2C3D4-E5F6-7890-ABCD-EF1234567810}.Release|Any CPU.Build.0 = Release|Any CPU
		{A1B2C3D4-E5F6-7890-ABCD-EF1234567811}.Debug|Any CPU.ActiveCfg = Debug|Any CPU
		{A1B2C3D4-E5F6-7890-ABCD-EF1234567811}.Debug|Any CPU.Build.0 = Debug|Any CPU
		{A1B2C3D4-E5F6-7890-ABCD-EF1234567811}.Release|Any CPU.ActiveCfg = Release|Any CPU
		{A1B2C3D4-E5F6-7890-ABCD-EF1234567811}.Release|Any CPU.Build.0 = Release|Any CPU
	EndGlobalSection
EndGlobal
